// !$*UTF8*$!
{
	archiveVersion = 1;
	classes = {
	};
	objectVersion = 55;
	objects = {

/* Begin PBXBuildFile section */
		0B2C4A5D27690226002EA9FB /* Command.swift in Sources */ = {isa = PBXBuildFile; fileRef = 0B2C4A5C27690226002EA9FB /* Command.swift */; };
		0B2C4A5E27690226002EA9FB /* Command.swift in Sources */ = {isa = PBXBuildFile; fileRef = 0B2C4A5C27690226002EA9FB /* Command.swift */; };
		0B2C4A60276905DE002EA9FB /* KeyboardShortcut+Extensions.swift in Sources */ = {isa = PBXBuildFile; fileRef = 0B2C4A5F276905DE002EA9FB /* KeyboardShortcut+Extensions.swift */; };
		0B2C4A61276905DE002EA9FB /* KeyboardShortcut+Extensions.swift in Sources */ = {isa = PBXBuildFile; fileRef = 0B2C4A5F276905DE002EA9FB /* KeyboardShortcut+Extensions.swift */; };
		0B2C4A6327690E15002EA9FB /* FundamentalMode.swift in Sources */ = {isa = PBXBuildFile; fileRef = 0B2C4A6227690E15002EA9FB /* FundamentalMode.swift */; };
		0B2C4A6427690E15002EA9FB /* FundamentalMode.swift in Sources */ = {isa = PBXBuildFile; fileRef = 0B2C4A6227690E15002EA9FB /* FundamentalMode.swift */; };
		0BC7B379276581C7002BCBAA /* CommandReader.swift in Sources */ = {isa = PBXBuildFile; fileRef = 0BC7B378276581C7002BCBAA /* CommandReader.swift */; };
		0BC7B37A276581C7002BCBAA /* CommandReader.swift in Sources */ = {isa = PBXBuildFile; fileRef = 0BC7B378276581C7002BCBAA /* CommandReader.swift */; };
		0BC7B3AA2766819A002BCBAA /* Collections in Frameworks */ = {isa = PBXBuildFile; productRef = 0BC7B3A92766819A002BCBAA /* Collections */; };
		0BC7B3AD276681AA002BCBAA /* Collections in Frameworks */ = {isa = PBXBuildFile; productRef = 0BC7B3AC276681AA002BCBAA /* Collections */; };
		0BC7B3B02767B692002BCBAA /* Algorithms in Frameworks */ = {isa = PBXBuildFile; productRef = 0BC7B3AF2767B692002BCBAA /* Algorithms */; };
		0BC7B3B22767B69B002BCBAA /* Algorithms in Frameworks */ = {isa = PBXBuildFile; productRef = 0BC7B3B12767B69B002BCBAA /* Algorithms */; };
		0BD7D3EB276415D500F5B2FE /* Tests_iOS.swift in Sources */ = {isa = PBXBuildFile; fileRef = 0BD7D3EA276415D500F5B2FE /* Tests_iOS.swift */; };
		0BD7D3ED276415D500F5B2FE /* Tests_iOSLaunchTests.swift in Sources */ = {isa = PBXBuildFile; fileRef = 0BD7D3EC276415D500F5B2FE /* Tests_iOSLaunchTests.swift */; };
		0BD7D3F7276415D500F5B2FE /* Tests_macOS.swift in Sources */ = {isa = PBXBuildFile; fileRef = 0BD7D3F6276415D500F5B2FE /* Tests_macOS.swift */; };
		0BD7D3F9276415D500F5B2FE /* Tests_macOSLaunchTests.swift in Sources */ = {isa = PBXBuildFile; fileRef = 0BD7D3F8276415D500F5B2FE /* Tests_macOSLaunchTests.swift */; };
		0BD7D3FA276415D500F5B2FE /* beamacsApp.swift in Sources */ = {isa = PBXBuildFile; fileRef = 0BD7D3CE276415D300F5B2FE /* beamacsApp.swift */; };
		0BD7D3FB276415D500F5B2FE /* beamacsApp.swift in Sources */ = {isa = PBXBuildFile; fileRef = 0BD7D3CE276415D300F5B2FE /* beamacsApp.swift */; };
		0BD7D3FC276415D500F5B2FE /* beamacsDocument.swift in Sources */ = {isa = PBXBuildFile; fileRef = 0BD7D3CF276415D300F5B2FE /* beamacsDocument.swift */; };
		0BD7D3FD276415D500F5B2FE /* beamacsDocument.swift in Sources */ = {isa = PBXBuildFile; fileRef = 0BD7D3CF276415D300F5B2FE /* beamacsDocument.swift */; };
		0BD7D3FE276415D500F5B2FE /* ContentView.swift in Sources */ = {isa = PBXBuildFile; fileRef = 0BD7D3D0276415D300F5B2FE /* ContentView.swift */; };
		0BD7D3FF276415D500F5B2FE /* ContentView.swift in Sources */ = {isa = PBXBuildFile; fileRef = 0BD7D3D0276415D300F5B2FE /* ContentView.swift */; };
		0BD7D400276415D500F5B2FE /* Assets.xcassets in Resources */ = {isa = PBXBuildFile; fileRef = 0BD7D3D1276415D500F5B2FE /* Assets.xcassets */; };
		0BD7D401276415D500F5B2FE /* Assets.xcassets in Resources */ = {isa = PBXBuildFile; fileRef = 0BD7D3D1276415D500F5B2FE /* Assets.xcassets */; };
		0BD7D4112764194200F5B2FE /* CommandTable.swift in Sources */ = {isa = PBXBuildFile; fileRef = 0BD7D4102764194200F5B2FE /* CommandTable.swift */; };
		0BD7D4122764194200F5B2FE /* CommandTable.swift in Sources */ = {isa = PBXBuildFile; fileRef = 0BD7D4102764194200F5B2FE /* CommandTable.swift */; };
		0BD7D41427643C8100F5B2FE /* BufferView.swift in Sources */ = {isa = PBXBuildFile; fileRef = 0BD7D41327643C8100F5B2FE /* BufferView.swift */; };
		0BD7D41527643C8100F5B2FE /* BufferView.swift in Sources */ = {isa = PBXBuildFile; fileRef = 0BD7D41327643C8100F5B2FE /* BufferView.swift */; };
/* End PBXBuildFile section */

/* Begin PBXContainerItemProxy section */
		0BD7D3E7276415D500F5B2FE /* PBXContainerItemProxy */ = {
			isa = PBXContainerItemProxy;
			containerPortal = 0BD7D3C9276415D300F5B2FE /* Project object */;
			proxyType = 1;
			remoteGlobalIDString = 0BD7D3D5276415D500F5B2FE;
			remoteInfo = "beamacs (iOS)";
		};
		0BD7D3F3276415D500F5B2FE /* PBXContainerItemProxy */ = {
			isa = PBXContainerItemProxy;
			containerPortal = 0BD7D3C9276415D300F5B2FE /* Project object */;
			proxyType = 1;
			remoteGlobalIDString = 0BD7D3DD276415D500F5B2FE;
			remoteInfo = "beamacs (macOS)";
		};
/* End PBXContainerItemProxy section */

/* Begin PBXFileReference section */
		0B2C4A5C27690226002EA9FB /* Command.swift */ = {isa = PBXFileReference; lastKnownFileType = sourcecode.swift; path = Command.swift; sourceTree = "<group>"; };
		0B2C4A5F276905DE002EA9FB /* KeyboardShortcut+Extensions.swift */ = {isa = PBXFileReference; lastKnownFileType = sourcecode.swift; path = "KeyboardShortcut+Extensions.swift"; sourceTree = "<group>"; };
		0B2C4A6227690E15002EA9FB /* FundamentalMode.swift */ = {isa = PBXFileReference; lastKnownFileType = sourcecode.swift; path = FundamentalMode.swift; sourceTree = "<group>"; };
		0BC7B378276581C7002BCBAA /* CommandReader.swift */ = {isa = PBXFileReference; lastKnownFileType = sourcecode.swift; path = CommandReader.swift; sourceTree = "<group>"; };
		0BD7D3CE276415D300F5B2FE /* beamacsApp.swift */ = {isa = PBXFileReference; lastKnownFileType = sourcecode.swift; path = beamacsApp.swift; sourceTree = "<group>"; };
		0BD7D3CF276415D300F5B2FE /* beamacsDocument.swift */ = {isa = PBXFileReference; lastKnownFileType = sourcecode.swift; path = beamacsDocument.swift; sourceTree = "<group>"; };
		0BD7D3D0276415D300F5B2FE /* ContentView.swift */ = {isa = PBXFileReference; lastKnownFileType = sourcecode.swift; path = ContentView.swift; sourceTree = "<group>"; };
		0BD7D3D1276415D500F5B2FE /* Assets.xcassets */ = {isa = PBXFileReference; lastKnownFileType = folder.assetcatalog; path = Assets.xcassets; sourceTree = "<group>"; };
		0BD7D3D6276415D500F5B2FE /* beamacs.app */ = {isa = PBXFileReference; explicitFileType = wrapper.application; includeInIndex = 0; path = beamacs.app; sourceTree = BUILT_PRODUCTS_DIR; };
		0BD7D3D9276415D500F5B2FE /* Info.plist */ = {isa = PBXFileReference; lastKnownFileType = text.plist.xml; path = Info.plist; sourceTree = "<group>"; };
		0BD7D3DE276415D500F5B2FE /* beamacs.app */ = {isa = PBXFileReference; explicitFileType = wrapper.application; includeInIndex = 0; path = beamacs.app; sourceTree = BUILT_PRODUCTS_DIR; };
		0BD7D3E0276415D500F5B2FE /* Info.plist */ = {isa = PBXFileReference; lastKnownFileType = text.plist.xml; path = Info.plist; sourceTree = "<group>"; };
		0BD7D3E1276415D500F5B2FE /* macOS.entitlements */ = {isa = PBXFileReference; lastKnownFileType = text.plist.entitlements; path = macOS.entitlements; sourceTree = "<group>"; };
		0BD7D3E6276415D500F5B2FE /* Tests iOS.xctest */ = {isa = PBXFileReference; explicitFileType = wrapper.cfbundle; includeInIndex = 0; path = "Tests iOS.xctest"; sourceTree = BUILT_PRODUCTS_DIR; };
		0BD7D3EA276415D500F5B2FE /* Tests_iOS.swift */ = {isa = PBXFileReference; lastKnownFileType = sourcecode.swift; path = Tests_iOS.swift; sourceTree = "<group>"; };
		0BD7D3EC276415D500F5B2FE /* Tests_iOSLaunchTests.swift */ = {isa = PBXFileReference; lastKnownFileType = sourcecode.swift; path = Tests_iOSLaunchTests.swift; sourceTree = "<group>"; };
		0BD7D3F2276415D500F5B2FE /* Tests macOS.xctest */ = {isa = PBXFileReference; explicitFileType = wrapper.cfbundle; includeInIndex = 0; path = "Tests macOS.xctest"; sourceTree = BUILT_PRODUCTS_DIR; };
		0BD7D3F6276415D500F5B2FE /* Tests_macOS.swift */ = {isa = PBXFileReference; lastKnownFileType = sourcecode.swift; path = Tests_macOS.swift; sourceTree = "<group>"; };
		0BD7D3F8276415D500F5B2FE /* Tests_macOSLaunchTests.swift */ = {isa = PBXFileReference; lastKnownFileType = sourcecode.swift; path = Tests_macOSLaunchTests.swift; sourceTree = "<group>"; };
		0BD7D4102764194200F5B2FE /* CommandTable.swift */ = {isa = PBXFileReference; lastKnownFileType = sourcecode.swift; path = CommandTable.swift; sourceTree = "<group>"; };
		0BD7D41327643C8100F5B2FE /* BufferView.swift */ = {isa = PBXFileReference; lastKnownFileType = sourcecode.swift; path = BufferView.swift; sourceTree = "<group>"; };
/* End PBXFileReference section */

/* Begin PBXFrameworksBuildPhase section */
		0BD7D3D3276415D500F5B2FE /* Frameworks */ = {
			isa = PBXFrameworksBuildPhase;
			buildActionMask = 2147483647;
			files = (
				0BC7B3B22767B69B002BCBAA /* Algorithms in Frameworks */,
				0BC7B3AA2766819A002BCBAA /* Collections in Frameworks */,
			);
			runOnlyForDeploymentPostprocessing = 0;
		};
		0BD7D3DB276415D500F5B2FE /* Frameworks */ = {
			isa = PBXFrameworksBuildPhase;
			buildActionMask = 2147483647;
			files = (
				0BC7B3B02767B692002BCBAA /* Algorithms in Frameworks */,
				0BC7B3AD276681AA002BCBAA /* Collections in Frameworks */,
			);
			runOnlyForDeploymentPostprocessing = 0;
		};
		0BD7D3E3276415D500F5B2FE /* Frameworks */ = {
			isa = PBXFrameworksBuildPhase;
			buildActionMask = 2147483647;
			files = (
			);
			runOnlyForDeploymentPostprocessing = 0;
		};
		0BD7D3EF276415D500F5B2FE /* Frameworks */ = {
			isa = PBXFrameworksBuildPhase;
			buildActionMask = 2147483647;
			files = (
			);
			runOnlyForDeploymentPostprocessing = 0;
		};
/* End PBXFrameworksBuildPhase section */

/* Begin PBXGroup section */
		0BC7B3AB276681AA002BCBAA /* Frameworks */ = {
			isa = PBXGroup;
			children = (
			);
			name = Frameworks;
			sourceTree = "<group>";
		};
		0BD7D3C8276415D300F5B2FE = {
			isa = PBXGroup;
			children = (
				0BD7D3CD276415D300F5B2FE /* Shared */,
				0BD7D3D8276415D500F5B2FE /* iOS */,
				0BD7D3DF276415D500F5B2FE /* macOS */,
				0BD7D3E9276415D500F5B2FE /* Tests iOS */,
				0BD7D3F5276415D500F5B2FE /* Tests macOS */,
				0BD7D3D7276415D500F5B2FE /* Products */,
				0BC7B3AB276681AA002BCBAA /* Frameworks */,
			);
			sourceTree = "<group>";
		};
		0BD7D3CD276415D300F5B2FE /* Shared */ = {
			isa = PBXGroup;
			children = (
				0BD7D3CE276415D300F5B2FE /* beamacsApp.swift */,
				0BD7D3CF276415D300F5B2FE /* beamacsDocument.swift */,
				0BD7D3D0276415D300F5B2FE /* ContentView.swift */,
				0BD7D41327643C8100F5B2FE /* BufferView.swift */,
				0B2C4A5C27690226002EA9FB /* Command.swift */,
				0BD7D4102764194200F5B2FE /* CommandTable.swift */,
				0BC7B378276581C7002BCBAA /* CommandReader.swift */,
				0B2C4A6227690E15002EA9FB /* FundamentalMode.swift */,
				0B2C4A5F276905DE002EA9FB /* KeyboardShortcut+Extensions.swift */,
				0BD7D3D1276415D500F5B2FE /* Assets.xcassets */,
			);
			path = Shared;
			sourceTree = "<group>";
		};
		0BD7D3D7276415D500F5B2FE /* Products */ = {
			isa = PBXGroup;
			children = (
				0BD7D3D6276415D500F5B2FE /* beamacs.app */,
				0BD7D3DE276415D500F5B2FE /* beamacs.app */,
				0BD7D3E6276415D500F5B2FE /* Tests iOS.xctest */,
				0BD7D3F2276415D500F5B2FE /* Tests macOS.xctest */,
			);
			name = Products;
			sourceTree = "<group>";
		};
		0BD7D3D8276415D500F5B2FE /* iOS */ = {
			isa = PBXGroup;
			children = (
				0BD7D3D9276415D500F5B2FE /* Info.plist */,
			);
			path = iOS;
			sourceTree = "<group>";
		};
		0BD7D3DF276415D500F5B2FE /* macOS */ = {
			isa = PBXGroup;
			children = (
				0BD7D3E0276415D500F5B2FE /* Info.plist */,
				0BD7D3E1276415D500F5B2FE /* macOS.entitlements */,
			);
			path = macOS;
			sourceTree = "<group>";
		};
		0BD7D3E9276415D500F5B2FE /* Tests iOS */ = {
			isa = PBXGroup;
			children = (
				0BD7D3EA276415D500F5B2FE /* Tests_iOS.swift */,
				0BD7D3EC276415D500F5B2FE /* Tests_iOSLaunchTests.swift */,
			);
			path = "Tests iOS";
			sourceTree = "<group>";
		};
		0BD7D3F5276415D500F5B2FE /* Tests macOS */ = {
			isa = PBXGroup;
			children = (
				0BD7D3F6276415D500F5B2FE /* Tests_macOS.swift */,
				0BD7D3F8276415D500F5B2FE /* Tests_macOSLaunchTests.swift */,
			);
			path = "Tests macOS";
			sourceTree = "<group>";
		};
/* End PBXGroup section */

/* Begin PBXNativeTarget section */
		0BD7D3D5276415D500F5B2FE /* beamacs (iOS) */ = {
			isa = PBXNativeTarget;
			buildConfigurationList = 0BD7D404276415D500F5B2FE /* Build configuration list for PBXNativeTarget "beamacs (iOS)" */;
			buildPhases = (
				0BD7D3D2276415D500F5B2FE /* Sources */,
				0BD7D3D3276415D500F5B2FE /* Frameworks */,
				0BD7D3D4276415D500F5B2FE /* Resources */,
			);
			buildRules = (
			);
			dependencies = (
			);
			name = "beamacs (iOS)";
			packageProductDependencies = (
				0BC7B3A92766819A002BCBAA /* Collections */,
				0BC7B3B12767B69B002BCBAA /* Algorithms */,
			);
			productName = "beamacs (iOS)";
			productReference = 0BD7D3D6276415D500F5B2FE /* beamacs.app */;
			productType = "com.apple.product-type.application";
		};
		0BD7D3DD276415D500F5B2FE /* beamacs (macOS) */ = {
			isa = PBXNativeTarget;
			buildConfigurationList = 0BD7D407276415D500F5B2FE /* Build configuration list for PBXNativeTarget "beamacs (macOS)" */;
			buildPhases = (
				0BD7D3DA276415D500F5B2FE /* Sources */,
				0BD7D3DB276415D500F5B2FE /* Frameworks */,
				0BD7D3DC276415D500F5B2FE /* Resources */,
			);
			buildRules = (
			);
			dependencies = (
			);
			name = "beamacs (macOS)";
			packageProductDependencies = (
				0BC7B3AC276681AA002BCBAA /* Collections */,
				0BC7B3AF2767B692002BCBAA /* Algorithms */,
			);
			productName = "beamacs (macOS)";
			productReference = 0BD7D3DE276415D500F5B2FE /* beamacs.app */;
			productType = "com.apple.product-type.application";
		};
		0BD7D3E5276415D500F5B2FE /* Tests iOS */ = {
			isa = PBXNativeTarget;
			buildConfigurationList = 0BD7D40A276415D500F5B2FE /* Build configuration list for PBXNativeTarget "Tests iOS" */;
			buildPhases = (
				0BD7D3E2276415D500F5B2FE /* Sources */,
				0BD7D3E3276415D500F5B2FE /* Frameworks */,
				0BD7D3E4276415D500F5B2FE /* Resources */,
			);
			buildRules = (
			);
			dependencies = (
				0BD7D3E8276415D500F5B2FE /* PBXTargetDependency */,
			);
			name = "Tests iOS";
			productName = "Tests iOS";
			productReference = 0BD7D3E6276415D500F5B2FE /* Tests iOS.xctest */;
			productType = "com.apple.product-type.bundle.ui-testing";
		};
		0BD7D3F1276415D500F5B2FE /* Tests macOS */ = {
			isa = PBXNativeTarget;
			buildConfigurationList = 0BD7D40D276415D500F5B2FE /* Build configuration list for PBXNativeTarget "Tests macOS" */;
			buildPhases = (
				0BD7D3EE276415D500F5B2FE /* Sources */,
				0BD7D3EF276415D500F5B2FE /* Frameworks */,
				0BD7D3F0276415D500F5B2FE /* Resources */,
			);
			buildRules = (
			);
			dependencies = (
				0BD7D3F4276415D500F5B2FE /* PBXTargetDependency */,
			);
			name = "Tests macOS";
			productName = "Tests macOS";
			productReference = 0BD7D3F2276415D500F5B2FE /* Tests macOS.xctest */;
			productType = "com.apple.product-type.bundle.ui-testing";
		};
/* End PBXNativeTarget section */

/* Begin PBXProject section */
		0BD7D3C9276415D300F5B2FE /* Project object */ = {
			isa = PBXProject;
			attributes = {
				BuildIndependentTargetsInParallel = 1;
				LastSwiftUpdateCheck = 1310;
				LastUpgradeCheck = 1310;
				TargetAttributes = {
					0BD7D3D5276415D500F5B2FE = {
						CreatedOnToolsVersion = 13.1;
					};
					0BD7D3DD276415D500F5B2FE = {
						CreatedOnToolsVersion = 13.1;
					};
					0BD7D3E5276415D500F5B2FE = {
						CreatedOnToolsVersion = 13.1;
						TestTargetID = 0BD7D3D5276415D500F5B2FE;
					};
					0BD7D3F1276415D500F5B2FE = {
						CreatedOnToolsVersion = 13.1;
						TestTargetID = 0BD7D3DD276415D500F5B2FE;
					};
				};
			};
			buildConfigurationList = 0BD7D3CC276415D300F5B2FE /* Build configuration list for PBXProject "beamacs" */;
			compatibilityVersion = "Xcode 13.0";
			developmentRegion = en;
			hasScannedForEncodings = 0;
			knownRegions = (
				en,
				Base,
			);
			mainGroup = 0BD7D3C8276415D300F5B2FE;
			packageReferences = (
				0BC7B3A827668199002BCBAA /* XCRemoteSwiftPackageReference "swift-collections" */,
				0BC7B3AE2767B692002BCBAA /* XCRemoteSwiftPackageReference "swift-algorithms" */,
			);
			productRefGroup = 0BD7D3D7276415D500F5B2FE /* Products */;
			projectDirPath = "";
			projectRoot = "";
			targets = (
				0BD7D3D5276415D500F5B2FE /* beamacs (iOS) */,
				0BD7D3DD276415D500F5B2FE /* beamacs (macOS) */,
				0BD7D3E5276415D500F5B2FE /* Tests iOS */,
				0BD7D3F1276415D500F5B2FE /* Tests macOS */,
			);
		};
/* End PBXProject section */

/* Begin PBXResourcesBuildPhase section */
		0BD7D3D4276415D500F5B2FE /* Resources */ = {
			isa = PBXResourcesBuildPhase;
			buildActionMask = 2147483647;
			files = (
				0BD7D400276415D500F5B2FE /* Assets.xcassets in Resources */,
			);
			runOnlyForDeploymentPostprocessing = 0;
		};
		0BD7D3DC276415D500F5B2FE /* Resources */ = {
			isa = PBXResourcesBuildPhase;
			buildActionMask = 2147483647;
			files = (
				0BD7D401276415D500F5B2FE /* Assets.xcassets in Resources */,
			);
			runOnlyForDeploymentPostprocessing = 0;
		};
		0BD7D3E4276415D500F5B2FE /* Resources */ = {
			isa = PBXResourcesBuildPhase;
			buildActionMask = 2147483647;
			files = (
			);
			runOnlyForDeploymentPostprocessing = 0;
		};
		0BD7D3F0276415D500F5B2FE /* Resources */ = {
			isa = PBXResourcesBuildPhase;
			buildActionMask = 2147483647;
			files = (
			);
			runOnlyForDeploymentPostprocessing = 0;
		};
/* End PBXResourcesBuildPhase section */

/* Begin PBXSourcesBuildPhase section */
		0BD7D3D2276415D500F5B2FE /* Sources */ = {
			isa = PBXSourcesBuildPhase;
			buildActionMask = 2147483647;
			files = (
				0BD7D4112764194200F5B2FE /* CommandTable.swift in Sources */,
				0BD7D3FA276415D500F5B2FE /* beamacsApp.swift in Sources */,
				0BC7B379276581C7002BCBAA /* CommandReader.swift in Sources */,
				0BD7D3FC276415D500F5B2FE /* beamacsDocument.swift in Sources */,
				0B2C4A60276905DE002EA9FB /* KeyboardShortcut+Extensions.swift in Sources */,
				0B2C4A5D27690226002EA9FB /* Command.swift in Sources */,
				0BD7D3FE276415D500F5B2FE /* ContentView.swift in Sources */,
				0B2C4A6327690E15002EA9FB /* FundamentalMode.swift in Sources */,
				0BD7D41427643C8100F5B2FE /* BufferView.swift in Sources */,
			);
			runOnlyForDeploymentPostprocessing = 0;
		};
		0BD7D3DA276415D500F5B2FE /* Sources */ = {
			isa = PBXSourcesBuildPhase;
			buildActionMask = 2147483647;
			files = (
				0BD7D4122764194200F5B2FE /* CommandTable.swift in Sources */,
				0BD7D3FB276415D500F5B2FE /* beamacsApp.swift in Sources */,
				0BC7B37A276581C7002BCBAA /* CommandReader.swift in Sources */,
				0BD7D3FD276415D500F5B2FE /* beamacsDocument.swift in Sources */,
				0B2C4A61276905DE002EA9FB /* KeyboardShortcut+Extensions.swift in Sources */,
				0B2C4A5E27690226002EA9FB /* Command.swift in Sources */,
				0BD7D3FF276415D500F5B2FE /* ContentView.swift in Sources */,
				0B2C4A6427690E15002EA9FB /* FundamentalMode.swift in Sources */,
				0BD7D41527643C8100F5B2FE /* BufferView.swift in Sources */,
			);
			runOnlyForDeploymentPostprocessing = 0;
		};
		0BD7D3E2276415D500F5B2FE /* Sources */ = {
			isa = PBXSourcesBuildPhase;
			buildActionMask = 2147483647;
			files = (
				0BD7D3ED276415D500F5B2FE /* Tests_iOSLaunchTests.swift in Sources */,
				0BD7D3EB276415D500F5B2FE /* Tests_iOS.swift in Sources */,
			);
			runOnlyForDeploymentPostprocessing = 0;
		};
		0BD7D3EE276415D500F5B2FE /* Sources */ = {
			isa = PBXSourcesBuildPhase;
			buildActionMask = 2147483647;
			files = (
				0BD7D3F9276415D500F5B2FE /* Tests_macOSLaunchTests.swift in Sources */,
				0BD7D3F7276415D500F5B2FE /* Tests_macOS.swift in Sources */,
			);
			runOnlyForDeploymentPostprocessing = 0;
		};
/* End PBXSourcesBuildPhase section */

/* Begin PBXTargetDependency section */
		0BD7D3E8276415D500F5B2FE /* PBXTargetDependency */ = {
			isa = PBXTargetDependency;
			target = 0BD7D3D5276415D500F5B2FE /* beamacs (iOS) */;
			targetProxy = 0BD7D3E7276415D500F5B2FE /* PBXContainerItemProxy */;
		};
		0BD7D3F4276415D500F5B2FE /* PBXTargetDependency */ = {
			isa = PBXTargetDependency;
			target = 0BD7D3DD276415D500F5B2FE /* beamacs (macOS) */;
			targetProxy = 0BD7D3F3276415D500F5B2FE /* PBXContainerItemProxy */;
		};
/* End PBXTargetDependency section */

/* Begin XCBuildConfiguration section */
		0BD7D402276415D500F5B2FE /* Debug */ = {
			isa = XCBuildConfiguration;
			buildSettings = {
				ALWAYS_SEARCH_USER_PATHS = NO;
				CLANG_ANALYZER_NONNULL = YES;
				CLANG_ANALYZER_NUMBER_OBJECT_CONVERSION = YES_AGGRESSIVE;
				CLANG_CXX_LANGUAGE_STANDARD = "gnu++17";
				CLANG_CXX_LIBRARY = "libc++";
				CLANG_ENABLE_MODULES = YES;
				CLANG_ENABLE_OBJC_ARC = YES;
				CLANG_ENABLE_OBJC_WEAK = YES;
				CLANG_WARN_BLOCK_CAPTURE_AUTORELEASING = YES;
				CLANG_WARN_BOOL_CONVERSION = YES;
				CLANG_WARN_COMMA = YES;
				CLANG_WARN_CONSTANT_CONVERSION = YES;
				CLANG_WARN_DEPRECATED_OBJC_IMPLEMENTATIONS = YES;
				CLANG_WARN_DIRECT_OBJC_ISA_USAGE = YES_ERROR;
				CLANG_WARN_DOCUMENTATION_COMMENTS = YES;
				CLANG_WARN_EMPTY_BODY = YES;
				CLANG_WARN_ENUM_CONVERSION = YES;
				CLANG_WARN_INFINITE_RECURSION = YES;
				CLANG_WARN_INT_CONVERSION = YES;
				CLANG_WARN_NON_LITERAL_NULL_CONVERSION = YES;
				CLANG_WARN_OBJC_IMPLICIT_RETAIN_SELF = YES;
				CLANG_WARN_OBJC_LITERAL_CONVERSION = YES;
				CLANG_WARN_OBJC_ROOT_CLASS = YES_ERROR;
				CLANG_WARN_QUOTED_INCLUDE_IN_FRAMEWORK_HEADER = YES;
				CLANG_WARN_RANGE_LOOP_ANALYSIS = YES;
				CLANG_WARN_STRICT_PROTOTYPES = YES;
				CLANG_WARN_SUSPICIOUS_MOVE = YES;
				CLANG_WARN_UNGUARDED_AVAILABILITY = YES_AGGRESSIVE;
				CLANG_WARN_UNREACHABLE_CODE = YES;
				CLANG_WARN__DUPLICATE_METHOD_MATCH = YES;
				COPY_PHASE_STRIP = NO;
				DEBUG_INFORMATION_FORMAT = dwarf;
				ENABLE_STRICT_OBJC_MSGSEND = YES;
				ENABLE_TESTABILITY = YES;
				GCC_C_LANGUAGE_STANDARD = gnu11;
				GCC_DYNAMIC_NO_PIC = NO;
				GCC_NO_COMMON_BLOCKS = YES;
				GCC_OPTIMIZATION_LEVEL = 0;
				GCC_PREPROCESSOR_DEFINITIONS = (
					"DEBUG=1",
					"$(inherited)",
				);
				GCC_WARN_64_TO_32_BIT_CONVERSION = YES;
				GCC_WARN_ABOUT_RETURN_TYPE = YES_ERROR;
				GCC_WARN_UNDECLARED_SELECTOR = YES;
				GCC_WARN_UNINITIALIZED_AUTOS = YES_AGGRESSIVE;
				GCC_WARN_UNUSED_FUNCTION = YES;
				GCC_WARN_UNUSED_VARIABLE = YES;
				MTL_ENABLE_DEBUG_INFO = INCLUDE_SOURCE;
				MTL_FAST_MATH = YES;
				ONLY_ACTIVE_ARCH = YES;
				SWIFT_ACTIVE_COMPILATION_CONDITIONS = DEBUG;
				SWIFT_OPTIMIZATION_LEVEL = "-Onone";
			};
			name = Debug;
		};
		0BD7D403276415D500F5B2FE /* Release */ = {
			isa = XCBuildConfiguration;
			buildSettings = {
				ALWAYS_SEARCH_USER_PATHS = NO;
				CLANG_ANALYZER_NONNULL = YES;
				CLANG_ANALYZER_NUMBER_OBJECT_CONVERSION = YES_AGGRESSIVE;
				CLANG_CXX_LANGUAGE_STANDARD = "gnu++17";
				CLANG_CXX_LIBRARY = "libc++";
				CLANG_ENABLE_MODULES = YES;
				CLANG_ENABLE_OBJC_ARC = YES;
				CLANG_ENABLE_OBJC_WEAK = YES;
				CLANG_WARN_BLOCK_CAPTURE_AUTORELEASING = YES;
				CLANG_WARN_BOOL_CONVERSION = YES;
				CLANG_WARN_COMMA = YES;
				CLANG_WARN_CONSTANT_CONVERSION = YES;
				CLANG_WARN_DEPRECATED_OBJC_IMPLEMENTATIONS = YES;
				CLANG_WARN_DIRECT_OBJC_ISA_USAGE = YES_ERROR;
				CLANG_WARN_DOCUMENTATION_COMMENTS = YES;
				CLANG_WARN_EMPTY_BODY = YES;
				CLANG_WARN_ENUM_CONVERSION = YES;
				CLANG_WARN_INFINITE_RECURSION = YES;
				CLANG_WARN_INT_CONVERSION = YES;
				CLANG_WARN_NON_LITERAL_NULL_CONVERSION = YES;
				CLANG_WARN_OBJC_IMPLICIT_RETAIN_SELF = YES;
				CLANG_WARN_OBJC_LITERAL_CONVERSION = YES;
				CLANG_WARN_OBJC_ROOT_CLASS = YES_ERROR;
				CLANG_WARN_QUOTED_INCLUDE_IN_FRAMEWORK_HEADER = YES;
				CLANG_WARN_RANGE_LOOP_ANALYSIS = YES;
				CLANG_WARN_STRICT_PROTOTYPES = YES;
				CLANG_WARN_SUSPICIOUS_MOVE = YES;
				CLANG_WARN_UNGUARDED_AVAILABILITY = YES_AGGRESSIVE;
				CLANG_WARN_UNREACHABLE_CODE = YES;
				CLANG_WARN__DUPLICATE_METHOD_MATCH = YES;
				COPY_PHASE_STRIP = NO;
				DEBUG_INFORMATION_FORMAT = "dwarf-with-dsym";
				ENABLE_NS_ASSERTIONS = NO;
				ENABLE_STRICT_OBJC_MSGSEND = YES;
				GCC_C_LANGUAGE_STANDARD = gnu11;
				GCC_NO_COMMON_BLOCKS = YES;
				GCC_WARN_64_TO_32_BIT_CONVERSION = YES;
				GCC_WARN_ABOUT_RETURN_TYPE = YES_ERROR;
				GCC_WARN_UNDECLARED_SELECTOR = YES;
				GCC_WARN_UNINITIALIZED_AUTOS = YES_AGGRESSIVE;
				GCC_WARN_UNUSED_FUNCTION = YES;
				GCC_WARN_UNUSED_VARIABLE = YES;
				MTL_ENABLE_DEBUG_INFO = NO;
				MTL_FAST_MATH = YES;
				SWIFT_COMPILATION_MODE = wholemodule;
				SWIFT_OPTIMIZATION_LEVEL = "-O";
			};
			name = Release;
		};
		0BD7D405276415D500F5B2FE /* Debug */ = {
			isa = XCBuildConfiguration;
			buildSettings = {
				ASSETCATALOG_COMPILER_APPICON_NAME = AppIcon;
				ASSETCATALOG_COMPILER_GLOBAL_ACCENT_COLOR_NAME = AccentColor;
				CODE_SIGN_STYLE = Automatic;
				CURRENT_PROJECT_VERSION = 1;
				DEVELOPMENT_TEAM = 68RV5L9ACQ;
				ENABLE_PREVIEWS = YES;
				GENERATE_INFOPLIST_FILE = YES;
				INFOPLIST_FILE = iOS/Info.plist;
				INFOPLIST_KEY_LSSupportsOpeningDocumentsInPlace = YES;
				INFOPLIST_KEY_UIApplicationSceneManifest_Generation = YES;
				INFOPLIST_KEY_UIApplicationSupportsIndirectInputEvents = YES;
				INFOPLIST_KEY_UILaunchScreen_Generation = YES;
				INFOPLIST_KEY_UISupportedInterfaceOrientations_iPad = "UIInterfaceOrientationPortrait UIInterfaceOrientationPortraitUpsideDown UIInterfaceOrientationLandscapeLeft UIInterfaceOrientationLandscapeRight";
				INFOPLIST_KEY_UISupportedInterfaceOrientations_iPhone = "UIInterfaceOrientationPortrait UIInterfaceOrientationLandscapeLeft UIInterfaceOrientationLandscapeRight";
				INFOPLIST_KEY_UISupportsDocumentBrowser = YES;
				IPHONEOS_DEPLOYMENT_TARGET = 15.0;
				LD_RUNPATH_SEARCH_PATHS = (
					"$(inherited)",
					"@executable_path/Frameworks",
				);
				MARKETING_VERSION = 1.0;
				PRODUCT_BUNDLE_IDENTIFIER = company.hyperbole.beamacs;
				PRODUCT_NAME = beamacs;
				SDKROOT = iphoneos;
				SWIFT_EMIT_LOC_STRINGS = YES;
				SWIFT_VERSION = 5.0;
				TARGETED_DEVICE_FAMILY = "1,2";
			};
			name = Debug;
		};
		0BD7D406276415D500F5B2FE /* Release */ = {
			isa = XCBuildConfiguration;
			buildSettings = {
				ASSETCATALOG_COMPILER_APPICON_NAME = AppIcon;
				ASSETCATALOG_COMPILER_GLOBAL_ACCENT_COLOR_NAME = AccentColor;
				CODE_SIGN_STYLE = Automatic;
				CURRENT_PROJECT_VERSION = 1;
				DEVELOPMENT_TEAM = 68RV5L9ACQ;
				ENABLE_PREVIEWS = YES;
				GENERATE_INFOPLIST_FILE = YES;
				INFOPLIST_FILE = iOS/Info.plist;
				INFOPLIST_KEY_LSSupportsOpeningDocumentsInPlace = YES;
				INFOPLIST_KEY_UIApplicationSceneManifest_Generation = YES;
				INFOPLIST_KEY_UIApplicationSupportsIndirectInputEvents = YES;
				INFOPLIST_KEY_UILaunchScreen_Generation = YES;
				INFOPLIST_KEY_UISupportedInterfaceOrientations_iPad = "UIInterfaceOrientationPortrait UIInterfaceOrientationPortraitUpsideDown UIInterfaceOrientationLandscapeLeft UIInterfaceOrientationLandscapeRight";
				INFOPLIST_KEY_UISupportedInterfaceOrientations_iPhone = "UIInterfaceOrientationPortrait UIInterfaceOrientationLandscapeLeft UIInterfaceOrientationLandscapeRight";
				INFOPLIST_KEY_UISupportsDocumentBrowser = YES;
				IPHONEOS_DEPLOYMENT_TARGET = 15.0;
				LD_RUNPATH_SEARCH_PATHS = (
					"$(inherited)",
					"@executable_path/Frameworks",
				);
				MARKETING_VERSION = 1.0;
				PRODUCT_BUNDLE_IDENTIFIER = company.hyperbole.beamacs;
				PRODUCT_NAME = beamacs;
				SDKROOT = iphoneos;
				SWIFT_EMIT_LOC_STRINGS = YES;
				SWIFT_VERSION = 5.0;
				TARGETED_DEVICE_FAMILY = "1,2";
				VALIDATE_PRODUCT = YES;
			};
			name = Release;
		};
		0BD7D408276415D500F5B2FE /* Debug */ = {
			isa = XCBuildConfiguration;
			buildSettings = {
				ASSETCATALOG_COMPILER_APPICON_NAME = AppIcon;
				ASSETCATALOG_COMPILER_GLOBAL_ACCENT_COLOR_NAME = AccentColor;
				CODE_SIGN_ENTITLEMENTS = macOS/macOS.entitlements;
				CODE_SIGN_STYLE = Automatic;
				COMBINE_HIDPI_IMAGES = YES;
				CURRENT_PROJECT_VERSION = 1;
				DEVELOPMENT_TEAM = 68RV5L9ACQ;
				ENABLE_HARDENED_RUNTIME = YES;
				ENABLE_PREVIEWS = YES;
				GENERATE_INFOPLIST_FILE = YES;
				INFOPLIST_FILE = macOS/Info.plist;
				INFOPLIST_KEY_NSHumanReadableCopyright = "";
				LD_RUNPATH_SEARCH_PATHS = (
					"$(inherited)",
					"@executable_path/../Frameworks",
				);
				MACOSX_DEPLOYMENT_TARGET = 12.0;
				MARKETING_VERSION = 1.0;
				PRODUCT_BUNDLE_IDENTIFIER = company.hyperbole.beamacs;
				PRODUCT_NAME = beamacs;
				SDKROOT = macosx;
				SWIFT_EMIT_LOC_STRINGS = YES;
				SWIFT_VERSION = 5.0;
			};
			name = Debug;
		};
		0BD7D409276415D500F5B2FE /* Release */ = {
			isa = XCBuildConfiguration;
			buildSettings = {
				ASSETCATALOG_COMPILER_APPICON_NAME = AppIcon;
				ASSETCATALOG_COMPILER_GLOBAL_ACCENT_COLOR_NAME = AccentColor;
				CODE_SIGN_ENTITLEMENTS = macOS/macOS.entitlements;
				CODE_SIGN_STYLE = Automatic;
				COMBINE_HIDPI_IMAGES = YES;
				CURRENT_PROJECT_VERSION = 1;
				DEVELOPMENT_TEAM = 68RV5L9ACQ;
				ENABLE_HARDENED_RUNTIME = YES;
				ENABLE_PREVIEWS = YES;
				GENERATE_INFOPLIST_FILE = YES;
				INFOPLIST_FILE = macOS/Info.plist;
				INFOPLIST_KEY_NSHumanReadableCopyright = "";
				LD_RUNPATH_SEARCH_PATHS = (
					"$(inherited)",
					"@executable_path/../Frameworks",
				);
				MACOSX_DEPLOYMENT_TARGET = 12.0;
				MARKETING_VERSION = 1.0;
				PRODUCT_BUNDLE_IDENTIFIER = company.hyperbole.beamacs;
				PRODUCT_NAME = beamacs;
				SDKROOT = macosx;
				SWIFT_EMIT_LOC_STRINGS = YES;
				SWIFT_VERSION = 5.0;
			};
			name = Release;
		};
		0BD7D40B276415D500F5B2FE /* Debug */ = {
			isa = XCBuildConfiguration;
			buildSettings = {
				ALWAYS_EMBED_SWIFT_STANDARD_LIBRARIES = YES;
				CODE_SIGN_STYLE = Automatic;
				CURRENT_PROJECT_VERSION = 1;
				DEVELOPMENT_TEAM = 68RV5L9ACQ;
				GENERATE_INFOPLIST_FILE = YES;
				IPHONEOS_DEPLOYMENT_TARGET = 15.0;
				LD_RUNPATH_SEARCH_PATHS = (
					"$(inherited)",
					"@executable_path/Frameworks",
					"@loader_path/Frameworks",
				);
				MARKETING_VERSION = 1.0;
				PRODUCT_BUNDLE_IDENTIFIER = "company.hyperbole.Tests-iOS";
				PRODUCT_NAME = "$(TARGET_NAME)";
				SDKROOT = iphoneos;
				SWIFT_EMIT_LOC_STRINGS = NO;
				SWIFT_VERSION = 5.0;
				TARGETED_DEVICE_FAMILY = "1,2";
				TEST_TARGET_NAME = "beamacs (iOS)";
			};
			name = Debug;
		};
		0BD7D40C276415D500F5B2FE /* Release */ = {
			isa = XCBuildConfiguration;
			buildSettings = {
				ALWAYS_EMBED_SWIFT_STANDARD_LIBRARIES = YES;
				CODE_SIGN_STYLE = Automatic;
				CURRENT_PROJECT_VERSION = 1;
				DEVELOPMENT_TEAM = 68RV5L9ACQ;
				GENERATE_INFOPLIST_FILE = YES;
				IPHONEOS_DEPLOYMENT_TARGET = 15.0;
				LD_RUNPATH_SEARCH_PATHS = (
					"$(inherited)",
					"@executable_path/Frameworks",
					"@loader_path/Frameworks",
				);
				MARKETING_VERSION = 1.0;
				PRODUCT_BUNDLE_IDENTIFIER = "company.hyperbole.Tests-iOS";
				PRODUCT_NAME = "$(TARGET_NAME)";
				SDKROOT = iphoneos;
				SWIFT_EMIT_LOC_STRINGS = NO;
				SWIFT_VERSION = 5.0;
				TARGETED_DEVICE_FAMILY = "1,2";
				TEST_TARGET_NAME = "beamacs (iOS)";
				VALIDATE_PRODUCT = YES;
			};
			name = Release;
		};
		0BD7D40E276415D500F5B2FE /* Debug */ = {
			isa = XCBuildConfiguration;
			buildSettings = {
				ALWAYS_EMBED_SWIFT_STANDARD_LIBRARIES = YES;
				CODE_SIGN_STYLE = Automatic;
				COMBINE_HIDPI_IMAGES = YES;
				CURRENT_PROJECT_VERSION = 1;
				DEVELOPMENT_TEAM = 68RV5L9ACQ;
				GENERATE_INFOPLIST_FILE = YES;
				LD_RUNPATH_SEARCH_PATHS = (
					"$(inherited)",
					"@executable_path/../Frameworks",
					"@loader_path/../Frameworks",
				);
				MACOSX_DEPLOYMENT_TARGET = 12.0;
				MARKETING_VERSION = 1.0;
				PRODUCT_BUNDLE_IDENTIFIER = "company.hyperbole.Tests-macOS";
				PRODUCT_NAME = "$(TARGET_NAME)";
				SDKROOT = macosx;
				SWIFT_EMIT_LOC_STRINGS = NO;
				SWIFT_VERSION = 5.0;
				TEST_TARGET_NAME = "beamacs (macOS)";
			};
			name = Debug;
		};
		0BD7D40F276415D500F5B2FE /* Release */ = {
			isa = XCBuildConfiguration;
			buildSettings = {
				ALWAYS_EMBED_SWIFT_STANDARD_LIBRARIES = YES;
				CODE_SIGN_STYLE = Automatic;
				COMBINE_HIDPI_IMAGES = YES;
				CURRENT_PROJECT_VERSION = 1;
				DEVELOPMENT_TEAM = 68RV5L9ACQ;
				GENERATE_INFOPLIST_FILE = YES;
				LD_RUNPATH_SEARCH_PATHS = (
					"$(inherited)",
					"@executable_path/../Frameworks",
					"@loader_path/../Frameworks",
				);
				MACOSX_DEPLOYMENT_TARGET = 12.0;
				MARKETING_VERSION = 1.0;
				PRODUCT_BUNDLE_IDENTIFIER = "company.hyperbole.Tests-macOS";
				PRODUCT_NAME = "$(TARGET_NAME)";
				SDKROOT = macosx;
				SWIFT_EMIT_LOC_STRINGS = NO;
				SWIFT_VERSION = 5.0;
				TEST_TARGET_NAME = "beamacs (macOS)";
			};
			name = Release;
		};
/* End XCBuildConfiguration section */

/* Begin XCConfigurationList section */
		0BD7D3CC276415D300F5B2FE /* Build configuration list for PBXProject "beamacs" */ = {
			isa = XCConfigurationList;
			buildConfigurations = (
				0BD7D402276415D500F5B2FE /* Debug */,
				0BD7D403276415D500F5B2FE /* Release */,
			);
			defaultConfigurationIsVisible = 0;
			defaultConfigurationName = Release;
		};
		0BD7D404276415D500F5B2FE /* Build configuration list for PBXNativeTarget "beamacs (iOS)" */ = {
			isa = XCConfigurationList;
			buildConfigurations = (
				0BD7D405276415D500F5B2FE /* Debug */,
				0BD7D406276415D500F5B2FE /* Release */,
			);
			defaultConfigurationIsVisible = 0;
			defaultConfigurationName = Release;
		};
		0BD7D407276415D500F5B2FE /* Build configuration list for PBXNativeTarget "beamacs (macOS)" */ = {
			isa = XCConfigurationList;
			buildConfigurations = (
				0BD7D408276415D500F5B2FE /* Debug */,
				0BD7D409276415D500F5B2FE /* Release */,
			);
			defaultConfigurationIsVisible = 0;
			defaultConfigurationName = Release;
		};
		0BD7D40A276415D500F5B2FE /* Build configuration list for PBXNativeTarget "Tests iOS" */ = {
			isa = XCConfigurationList;
			buildConfigurations = (
				0BD7D40B276415D500F5B2FE /* Debug */,
				0BD7D40C276415D500F5B2FE /* Release */,
			);
			defaultConfigurationIsVisible = 0;
			defaultConfigurationName = Release;
		};
		0BD7D40D276415D500F5B2FE /* Build configuration list for PBXNativeTarget "Tests macOS" */ = {
			isa = XCConfigurationList;
			buildConfigurations = (
				0BD7D40E276415D500F5B2FE /* Debug */,
				0BD7D40F276415D500F5B2FE /* Release */,
			);
			defaultConfigurationIsVisible = 0;
			defaultConfigurationName = Release;
		};
/* End XCConfigurationList section */

/* Begin XCRemoteSwiftPackageReference section */
		0BC7B3A827668199002BCBAA /* XCRemoteSwiftPackageReference "swift-collections" */ = {
			isa = XCRemoteSwiftPackageReference;
			repositoryURL = "https://github.com/apple/swift-collections.git";
			requirement = {
				kind = upToNextMajorVersion;
				minimumVersion = 1.0.2;
			};
		};
		0BC7B3AE2767B692002BCBAA /* XCRemoteSwiftPackageReference "swift-algorithms" */ = {
			isa = XCRemoteSwiftPackageReference;
			repositoryURL = "https://github.com/apple/swift-algorithms.git";
			requirement = {
				kind = upToNextMajorVersion;
				minimumVersion = 1.0.0;
			};
		};
/* End XCRemoteSwiftPackageReference section */

/* Begin XCSwiftPackageProductDependency section */
		0BC7B3A92766819A002BCBAA /* Collections */ = {
			isa = XCSwiftPackageProductDependency;
			package = 0BC7B3A827668199002BCBAA /* XCRemoteSwiftPackageReference "swift-collections" */;
			productName = Collections;
		};
		0BC7B3AC276681AA002BCBAA /* Collections */ = {
			isa = XCSwiftPackageProductDependency;
			package = 0BC7B3A827668199002BCBAA /* XCRemoteSwiftPackageReference "swift-collections" */;
			productName = Collections;
		};
		0BC7B3AF2767B692002BCBAA /* Algorithms */ = {
			isa = XCSwiftPackageProductDependency;
			package = 0BC7B3AE2767B692002BCBAA /* XCRemoteSwiftPackageReference "swift-algorithms" */;
			productName = Algorithms;
		};
		0BC7B3B12767B69B002BCBAA /* Algorithms */ = {
			isa = XCSwiftPackageProductDependency;
			package = 0BC7B3AE2767B692002BCBAA /* XCRemoteSwiftPackageReference "swift-algorithms" */;
			productName = Algorithms;
		};
/* End XCSwiftPackageProductDependency section */
	};
	rootObject = 0BD7D3C9276415D300F5B2FE /* Project object */;
}
